
Microsoft Visual Studio Solution File, Format Version 12.00
Project("{2150E333-8FDC-42A3-9474-1A3956D46DE8}") = "Engine", "Engine", "{43BB5DFA-52EB-4180-BEBD-E054EFB1DD9B}"
EndProject
Project("{FAE04EC0-301F-11D3-BF4B-00C04F79EFBC}") = "Server", "Server\Server.csproj", "{06793863-1C85-4638-A5D1-FE1ABF9543D3}"
EndProject
Project("{FAE04EC0-301F-11D3-BF4B-00C04F79EFBC}") = "Client", "Client\Client.csproj", "{ABA42384-D1DA-485E-B8B3-E7DC354E22D7}"
EndProject
Project("{FAE04EC0-301F-11D3-BF4B-00C04F79EFBC}") = "Shared", "Shared\Shared.csproj", "{40FD2E32-A1A7-4222-9970-F4D8E616B828}"
EndProject
Project("{FAE04EC0-301F-11D3-BF4B-00C04F79EFBC}") = "Core", "Core\Core.csproj", "{56E337E2-1E9F-4B05-A919-3BFE0C3AA231}"
EndProject
Project("{2150E333-8FDC-42A3-9474-1A3956D46DE8}") = "Tests", "Tests", "{D464DE2A-40EB-45A0-BBD2-8082B0597086}"
EndProject
Project("{FAE04EC0-301F-11D3-BF4B-00C04F79EFBC}") = "Shared.Test", "Shared.Test\Shared.Test.csproj", "{B396526D-AE43-4359-AB4F-00D1817FFC1C}"
EndProject
Global
	GlobalSection(SolutionConfigurationPlatforms) = preSolution
		Debug|Any CPU = Debug|Any CPU
		Release|Any CPU = Release|Any CPU
	EndGlobalSection
	GlobalSection(NestedProjects) = preSolution
		{06793863-1C85-4638-A5D1-FE1ABF9543D3} = {43BB5DFA-52EB-4180-BEBD-E054EFB1DD9B}
		{ABA42384-D1DA-485E-B8B3-E7DC354E22D7} = {43BB5DFA-52EB-4180-BEBD-E054EFB1DD9B}
		{40FD2E32-A1A7-4222-9970-F4D8E616B828} = {43BB5DFA-52EB-4180-BEBD-E054EFB1DD9B}
		{B396526D-AE43-4359-AB4F-00D1817FFC1C} = {D464DE2A-40EB-45A0-BBD2-8082B0597086}
	EndGlobalSection
	GlobalSection(ProjectConfigurationPlatforms) = postSolution
		{06793863-1C85-4638-A5D1-FE1ABF9543D3}.Debug|Any CPU.ActiveCfg = Debug|Any CPU
		{06793863-1C85-4638-A5D1-FE1ABF9543D3}.Debug|Any CPU.Build.0 = Debug|Any CPU
		{06793863-1C85-4638-A5D1-FE1ABF9543D3}.Release|Any CPU.ActiveCfg = Release|Any CPU
		{06793863-1C85-4638-A5D1-FE1ABF9543D3}.Release|Any CPU.Build.0 = Release|Any CPU
		{ABA42384-D1DA-485E-B8B3-E7DC354E22D7}.Debug|Any CPU.ActiveCfg = Debug|Any CPU
		{ABA42384-D1DA-485E-B8B3-E7DC354E22D7}.Debug|Any CPU.Build.0 = Debug|Any CPU
		{ABA42384-D1DA-485E-B8B3-E7DC354E22D7}.Release|Any CPU.ActiveCfg = Release|Any CPU
		{ABA42384-D1DA-485E-B8B3-E7DC354E22D7}.Release|Any CPU.Build.0 = Release|Any CPU
		{40FD2E32-A1A7-4222-9970-F4D8E616B828}.Debug|Any CPU.ActiveCfg = Debug|Any CPU
		{40FD2E32-A1A7-4222-9970-F4D8E616B828}.Debug|Any CPU.Build.0 = Debug|Any CPU
		{40FD2E32-A1A7-4222-9970-F4D8E616B828}.Release|Any CPU.ActiveCfg = Release|Any CPU
		{40FD2E32-A1A7-4222-9970-F4D8E616B828}.Release|Any CPU.Build.0 = Release|Any CPU
		{56E337E2-1E9F-4B05-A919-3BFE0C3AA231}.Debug|Any CPU.ActiveCfg = Debug|Any CPU
		{56E337E2-1E9F-4B05-A919-3BFE0C3AA231}.Debug|Any CPU.Build.0 = Debug|Any CPU
		{56E337E2-1E9F-4B05-A919-3BFE0C3AA231}.Release|Any CPU.ActiveCfg = Release|Any CPU
		{56E337E2-1E9F-4B05-A919-3BFE0C3AA231}.Release|Any CPU.Build.0 = Release|Any CPU
		{B396526D-AE43-4359-AB4F-00D1817FFC1C}.Debug|Any CPU.ActiveCfg = Debug|Any CPU
		{B396526D-AE43-4359-AB4F-00D1817FFC1C}.Debug|Any CPU.Build.0 = Debug|Any CPU
		{B396526D-AE43-4359-AB4F-00D1817FFC1C}.Release|Any CPU.ActiveCfg = Release|Any CPU
		{B396526D-AE43-4359-AB4F-00D1817FFC1C}.Release|Any CPU.Build.0 = Release|Any CPU
	EndGlobalSection
EndGlobal
